// !$*UTF8*$!
{
	archiveVersion = 1;
	classes = {
	};
	objectVersion = 50;
	objects = {

/* Begin PBXBuildFile section */
		605357A125D30C280033060C /* Network.swift in Sources */ = {isa = PBXBuildFile; fileRef = 605357A025D30C280033060C /* Network.swift */; };
		605357A625D321700033060C /* News.swift in Sources */ = {isa = PBXBuildFile; fileRef = 605357A525D321700033060C /* News.swift */; };
		605F45F925D2F8D80044ED81 /* AppDelegate.swift in Sources */ = {isa = PBXBuildFile; fileRef = 605F45F825D2F8D80044ED81 /* AppDelegate.swift */; };
		605F45FB25D2F8D80044ED81 /* SceneDelegate.swift in Sources */ = {isa = PBXBuildFile; fileRef = 605F45FA25D2F8D80044ED81 /* SceneDelegate.swift */; };
		605F45FD25D2F8D80044ED81 /* HomeViewController.swift in Sources */ = {isa = PBXBuildFile; fileRef = 605F45FC25D2F8D80044ED81 /* HomeViewController.swift */; };
		605F460025D2F8D80044ED81 /* Main.storyboard in Resources */ = {isa = PBXBuildFile; fileRef = 605F45FE25D2F8D80044ED81 /* Main.storyboard */; };
		605F460225D2F8DB0044ED81 /* Assets.xcassets in Resources */ = {isa = PBXBuildFile; fileRef = 605F460125D2F8DB0044ED81 /* Assets.xcassets */; };
		605F460525D2F8DB0044ED81 /* LaunchScreen.storyboard in Resources */ = {isa = PBXBuildFile; fileRef = 605F460325D2F8DB0044ED81 /* LaunchScreen.storyboard */; };
		605F461025D2F8DB0044ED81 /* NewsTests.swift in Sources */ = {isa = PBXBuildFile; fileRef = 605F460F25D2F8DB0044ED81 /* NewsTests.swift */; };
		605F461B25D2F8DB0044ED81 /* NewsUITests.swift in Sources */ = {isa = PBXBuildFile; fileRef = 605F461A25D2F8DB0044ED81 /* NewsUITests.swift */; };
		60989CF825D30623008A3F98 /* HomeTableViewCell.swift in Sources */ = {isa = PBXBuildFile; fileRef = 60989CF725D30623008A3F98 /* HomeTableViewCell.swift */; };
		60CF01D425E94A3300A29924 /* UserDefaultsService.swift in Sources */ = {isa = PBXBuildFile; fileRef = 60CF01D325E94A3200A29924 /* UserDefaultsService.swift */; };
		60E9C74625D5A02D00D2FB38 /* DetailedViewController.swift in Sources */ = {isa = PBXBuildFile; fileRef = 60E9C74525D5A02D00D2FB38 /* DetailedViewController.swift */; };
		60E9C7C425D9513000D2FB38 /* SourceViewController.swift in Sources */ = {isa = PBXBuildFile; fileRef = 60E9C7C325D9513000D2FB38 /* SourceViewController.swift */; };
		60FE864B25DEC84400F50266 /* Picker.swift in Sources */ = {isa = PBXBuildFile; fileRef = 60FE864A25DEC84400F50266 /* Picker.swift */; };
		60FE865025DEC91000F50266 /* NewsParameters.swift in Sources */ = {isa = PBXBuildFile; fileRef = 60FE864F25DEC91000F50266 /* NewsParameters.swift */; };
/* End PBXBuildFile section */

/* Begin PBXContainerItemProxy section */
		605F460C25D2F8DB0044ED81 /* PBXContainerItemProxy */ = {
			isa = PBXContainerItemProxy;
			containerPortal = 605F45ED25D2F8D80044ED81 /* Project object */;
			proxyType = 1;
			remoteGlobalIDString = 605F45F425D2F8D80044ED81;
			remoteInfo = News;
		};
		605F461725D2F8DB0044ED81 /* PBXContainerItemProxy */ = {
			isa = PBXContainerItemProxy;
			containerPortal = 605F45ED25D2F8D80044ED81 /* Project object */;
			proxyType = 1;
			remoteGlobalIDString = 605F45F425D2F8D80044ED81;
			remoteInfo = News;
		};
/* End PBXContainerItemProxy section */

/* Begin PBXFileReference section */
		605357A025D30C280033060C /* Network.swift */ = {isa = PBXFileReference; lastKnownFileType = sourcecode.swift; path = Network.swift; sourceTree = "<group>"; };
		605357A525D321700033060C /* News.swift */ = {isa = PBXFileReference; lastKnownFileType = sourcecode.swift; path = News.swift; sourceTree = "<group>"; };
		605F45F525D2F8D80044ED81 /* News.app */ = {isa = PBXFileReference; explicitFileType = wrapper.application; includeInIndex = 0; path = News.app; sourceTree = BUILT_PRODUCTS_DIR; };
		605F45F825D2F8D80044ED81 /* AppDelegate.swift */ = {isa = PBXFileReference; lastKnownFileType = sourcecode.swift; path = AppDelegate.swift; sourceTree = "<group>"; };
		605F45FA25D2F8D80044ED81 /* SceneDelegate.swift */ = {isa = PBXFileReference; lastKnownFileType = sourcecode.swift; path = SceneDelegate.swift; sourceTree = "<group>"; };
		605F45FC25D2F8D80044ED81 /* HomeViewController.swift */ = {isa = PBXFileReference; lastKnownFileType = sourcecode.swift; path = HomeViewController.swift; sourceTree = "<group>"; };
		605F45FF25D2F8D80044ED81 /* Base */ = {isa = PBXFileReference; lastKnownFileType = file.storyboard; name = Base; path = Base.lproj/Main.storyboard; sourceTree = "<group>"; };
		605F460125D2F8DB0044ED81 /* Assets.xcassets */ = {isa = PBXFileReference; lastKnownFileType = folder.assetcatalog; path = Assets.xcassets; sourceTree = "<group>"; };
		605F460425D2F8DB0044ED81 /* Base */ = {isa = PBXFileReference; lastKnownFileType = file.storyboard; name = Base; path = Base.lproj/LaunchScreen.storyboard; sourceTree = "<group>"; };
		605F460625D2F8DB0044ED81 /* Info.plist */ = {isa = PBXFileReference; lastKnownFileType = text.plist.xml; path = Info.plist; sourceTree = "<group>"; };
		605F460B25D2F8DB0044ED81 /* NewsTests.xctest */ = {isa = PBXFileReference; explicitFileType = wrapper.cfbundle; includeInIndex = 0; path = NewsTests.xctest; sourceTree = BUILT_PRODUCTS_DIR; };
		605F460F25D2F8DB0044ED81 /* NewsTests.swift */ = {isa = PBXFileReference; lastKnownFileType = sourcecode.swift; path = NewsTests.swift; sourceTree = "<group>"; };
		605F461125D2F8DB0044ED81 /* Info.plist */ = {isa = PBXFileReference; lastKnownFileType = text.plist.xml; path = Info.plist; sourceTree = "<group>"; };
		605F461625D2F8DB0044ED81 /* NewsUITests.xctest */ = {isa = PBXFileReference; explicitFileType = wrapper.cfbundle; includeInIndex = 0; path = NewsUITests.xctest; sourceTree = BUILT_PRODUCTS_DIR; };
		605F461A25D2F8DB0044ED81 /* NewsUITests.swift */ = {isa = PBXFileReference; lastKnownFileType = sourcecode.swift; path = NewsUITests.swift; sourceTree = "<group>"; };
		605F461C25D2F8DB0044ED81 /* Info.plist */ = {isa = PBXFileReference; lastKnownFileType = text.plist.xml; path = Info.plist; sourceTree = "<group>"; };
		60989CF725D30623008A3F98 /* HomeTableViewCell.swift */ = {isa = PBXFileReference; lastKnownFileType = sourcecode.swift; path = HomeTableViewCell.swift; sourceTree = "<group>"; };
		60CF01D325E94A3200A29924 /* UserDefaultsService.swift */ = {isa = PBXFileReference; lastKnownFileType = sourcecode.swift; path = UserDefaultsService.swift; sourceTree = "<group>"; };
		60E9C74525D5A02D00D2FB38 /* DetailedViewController.swift */ = {isa = PBXFileReference; lastKnownFileType = sourcecode.swift; path = DetailedViewController.swift; sourceTree = "<group>"; };
		60E9C7C325D9513000D2FB38 /* SourceViewController.swift */ = {isa = PBXFileReference; lastKnownFileType = sourcecode.swift; path = SourceViewController.swift; sourceTree = "<group>"; };
		60FE864A25DEC84400F50266 /* Picker.swift */ = {isa = PBXFileReference; lastKnownFileType = sourcecode.swift; path = Picker.swift; sourceTree = "<group>"; };
		60FE864F25DEC91000F50266 /* NewsParameters.swift */ = {isa = PBXFileReference; lastKnownFileType = sourcecode.swift; path = NewsParameters.swift; sourceTree = "<group>"; };
/* End PBXFileReference section */

/* Begin PBXFrameworksBuildPhase section */
		605F45F225D2F8D80044ED81 /* Frameworks */ = {
			isa = PBXFrameworksBuildPhase;
			buildActionMask = 2147483647;
			files = (
			);
			runOnlyForDeploymentPostprocessing = 0;
		};
		605F460825D2F8DB0044ED81 /* Frameworks */ = {
			isa = PBXFrameworksBuildPhase;
			buildActionMask = 2147483647;
			files = (
			);
			runOnlyForDeploymentPostprocessing = 0;
		};
		605F461325D2F8DB0044ED81 /* Frameworks */ = {
			isa = PBXFrameworksBuildPhase;
			buildActionMask = 2147483647;
			files = (
			);
			runOnlyForDeploymentPostprocessing = 0;
		};
/* End PBXFrameworksBuildPhase section */

/* Begin PBXGroup section */
		605357AA25D3218D0033060C /* Network */ = {
			isa = PBXGroup;
			children = (
				605357A025D30C280033060C /* Network.swift */,
			);
			path = Network;
			sourceTree = "<group>";
		};
		605F45EC25D2F8D80044ED81 = {
			isa = PBXGroup;
			children = (
				605F45F725D2F8D80044ED81 /* News */,
				605F460E25D2F8DB0044ED81 /* NewsTests */,
				605F461925D2F8DB0044ED81 /* NewsUITests */,
				605F45F625D2F8D80044ED81 /* Products */,
			);
			sourceTree = "<group>";
		};
		605F45F625D2F8D80044ED81 /* Products */ = {
			isa = PBXGroup;
			children = (
				605F45F525D2F8D80044ED81 /* News.app */,
				605F460B25D2F8DB0044ED81 /* NewsTests.xctest */,
				605F461625D2F8DB0044ED81 /* NewsUITests.xctest */,
			);
			name = Products;
			sourceTree = "<group>";
		};
		605F45F725D2F8D80044ED81 /* News */ = {
			isa = PBXGroup;
			children = (
				605F462B25D3033C0044ED81 /* Model */,
				605F462C25D303420044ED81 /* View */,
				605F462D25D303490044ED81 /* Controller */,
				605357AA25D3218D0033060C /* Network */,
				60CF01D325E94A3200A29924 /* UserDefaultsService.swift */,
				605F45F825D2F8D80044ED81 /* AppDelegate.swift */,
				605F45FA25D2F8D80044ED81 /* SceneDelegate.swift */,
				605F45FE25D2F8D80044ED81 /* Main.storyboard */,
				605F460125D2F8DB0044ED81 /* Assets.xcassets */,
				605F460325D2F8DB0044ED81 /* LaunchScreen.storyboard */,
				605F460625D2F8DB0044ED81 /* Info.plist */,
			);
			path = News;
			sourceTree = "<group>";
		};
		605F460E25D2F8DB0044ED81 /* NewsTests */ = {
			isa = PBXGroup;
			children = (
				605F460F25D2F8DB0044ED81 /* NewsTests.swift */,
				605F461125D2F8DB0044ED81 /* Info.plist */,
			);
			path = NewsTests;
			sourceTree = "<group>";
		};
		605F461925D2F8DB0044ED81 /* NewsUITests */ = {
			isa = PBXGroup;
			children = (
				605F461A25D2F8DB0044ED81 /* NewsUITests.swift */,
				605F461C25D2F8DB0044ED81 /* Info.plist */,
			);
			path = NewsUITests;
			sourceTree = "<group>";
		};
		605F462B25D3033C0044ED81 /* Model */ = {
			isa = PBXGroup;
			children = (
				605357A525D321700033060C /* News.swift */,
				60FE864A25DEC84400F50266 /* Picker.swift */,
				60FE864F25DEC91000F50266 /* NewsParameters.swift */,
			);
			path = Model;
			sourceTree = "<group>";
		};
		605F462C25D303420044ED81 /* View */ = {
			isa = PBXGroup;
			children = (
				60989CF725D30623008A3F98 /* HomeTableViewCell.swift */,
			);
			path = View;
			sourceTree = "<group>";
		};
		605F462D25D303490044ED81 /* Controller */ = {
			isa = PBXGroup;
			children = (
				605F45FC25D2F8D80044ED81 /* HomeViewController.swift */,
				60E9C74525D5A02D00D2FB38 /* DetailedViewController.swift */,
				60E9C7C325D9513000D2FB38 /* SourceViewController.swift */,
			);
			path = Controller;
			sourceTree = "<group>";
		};
/* End PBXGroup section */

/* Begin PBXNativeTarget section */
		605F45F425D2F8D80044ED81 /* News */ = {
			isa = PBXNativeTarget;
			buildConfigurationList = 605F461F25D2F8DB0044ED81 /* Build configuration list for PBXNativeTarget "News" */;
			buildPhases = (
				605F45F125D2F8D80044ED81 /* Sources */,
				605F45F225D2F8D80044ED81 /* Frameworks */,
				605F45F325D2F8D80044ED81 /* Resources */,
				606BECDC25E833A100899395 /* ShellScript */,
			);
			buildRules = (
			);
			dependencies = (
			);
			name = News;
			productName = News;
			productReference = 605F45F525D2F8D80044ED81 /* News.app */;
			productType = "com.apple.product-type.application";
		};
		605F460A25D2F8DB0044ED81 /* NewsTests */ = {
			isa = PBXNativeTarget;
			buildConfigurationList = 605F462225D2F8DB0044ED81 /* Build configuration list for PBXNativeTarget "NewsTests" */;
			buildPhases = (
				605F460725D2F8DB0044ED81 /* Sources */,
				605F460825D2F8DB0044ED81 /* Frameworks */,
				605F460925D2F8DB0044ED81 /* Resources */,
			);
			buildRules = (
			);
			dependencies = (
				605F460D25D2F8DB0044ED81 /* PBXTargetDependency */,
			);
			name = NewsTests;
			productName = NewsTests;
			productReference = 605F460B25D2F8DB0044ED81 /* NewsTests.xctest */;
			productType = "com.apple.product-type.bundle.unit-test";
		};
		605F461525D2F8DB0044ED81 /* NewsUITests */ = {
			isa = PBXNativeTarget;
			buildConfigurationList = 605F462525D2F8DB0044ED81 /* Build configuration list for PBXNativeTarget "NewsUITests" */;
			buildPhases = (
				605F461225D2F8DB0044ED81 /* Sources */,
				605F461325D2F8DB0044ED81 /* Frameworks */,
				605F461425D2F8DB0044ED81 /* Resources */,
			);
			buildRules = (
			);
			dependencies = (
				605F461825D2F8DB0044ED81 /* PBXTargetDependency */,
			);
			name = NewsUITests;
			productName = NewsUITests;
			productReference = 605F461625D2F8DB0044ED81 /* NewsUITests.xctest */;
			productType = "com.apple.product-type.bundle.ui-testing";
		};
/* End PBXNativeTarget section */

/* Begin PBXProject section */
		605F45ED25D2F8D80044ED81 /* Project object */ = {
			isa = PBXProject;
			attributes = {
				LastSwiftUpdateCheck = 1240;
				LastUpgradeCheck = 1240;
				TargetAttributes = {
					605F45F425D2F8D80044ED81 = {
						CreatedOnToolsVersion = 12.4;
					};
					605F460A25D2F8DB0044ED81 = {
						CreatedOnToolsVersion = 12.4;
						TestTargetID = 605F45F425D2F8D80044ED81;
					};
					605F461525D2F8DB0044ED81 = {
						CreatedOnToolsVersion = 12.4;
						TestTargetID = 605F45F425D2F8D80044ED81;
					};
				};
			};
			buildConfigurationList = 605F45F025D2F8D80044ED81 /* Build configuration list for PBXProject "News" */;
			compatibilityVersion = "Xcode 9.3";
			developmentRegion = en;
			hasScannedForEncodings = 0;
			knownRegions = (
				en,
				Base,
			);
			mainGroup = 605F45EC25D2F8D80044ED81;
			productRefGroup = 605F45F625D2F8D80044ED81 /* Products */;
			projectDirPath = "";
			projectRoot = "";
			targets = (
				605F45F425D2F8D80044ED81 /* News */,
				605F460A25D2F8DB0044ED81 /* NewsTests */,
				605F461525D2F8DB0044ED81 /* NewsUITests */,
			);
		};
/* End PBXProject section */

/* Begin PBXResourcesBuildPhase section */
		605F45F325D2F8D80044ED81 /* Resources */ = {
			isa = PBXResourcesBuildPhase;
			buildActionMask = 2147483647;
			files = (
				605F460525D2F8DB0044ED81 /* LaunchScreen.storyboard in Resources */,
				605F460225D2F8DB0044ED81 /* Assets.xcassets in Resources */,
				605F460025D2F8D80044ED81 /* Main.storyboard in Resources */,
			);
			runOnlyForDeploymentPostprocessing = 0;
		};
		605F460925D2F8DB0044ED81 /* Resources */ = {
			isa = PBXResourcesBuildPhase;
			buildActionMask = 2147483647;
			files = (
			);
			runOnlyForDeploymentPostprocessing = 0;
		};
		605F461425D2F8DB0044ED81 /* Resources */ = {
			isa = PBXResourcesBuildPhase;
			buildActionMask = 2147483647;
			files = (
			);
			runOnlyForDeploymentPostprocessing = 0;
		};
/* End PBXResourcesBuildPhase section */

/* Begin PBXShellScriptBuildPhase section */
		606BECDC25E833A100899395 /* ShellScript */ = {
			isa = PBXShellScriptBuildPhase;
			buildActionMask = 2147483647;
			files = (
			);
			inputFileListPaths = (
			);
			inputPaths = (
			);
			outputFileListPaths = (
			);
			outputPaths = (
			);
			runOnlyForDeploymentPostprocessing = 0;
			shellPath = /bin/sh;
			shellScript = "if which swiftlint >/dev/null; then\n  swiftlint\nelse\n  echo \"warning: SwiftLint not installed, download from https://github.com/realm/SwiftLint\"\nfi\n";
		};
/* End PBXShellScriptBuildPhase section */

/* Begin PBXSourcesBuildPhase section */
		605F45F125D2F8D80044ED81 /* Sources */ = {
			isa = PBXSourcesBuildPhase;
			buildActionMask = 2147483647;
			files = (
				60E9C74625D5A02D00D2FB38 /* DetailedViewController.swift in Sources */,
				605357A625D321700033060C /* News.swift in Sources */,
				60FE865025DEC91000F50266 /* NewsParameters.swift in Sources */,
				60CF01D425E94A3300A29924 /* UserDefaultsService.swift in Sources */,
				605357A125D30C280033060C /* Network.swift in Sources */,
				605F45FD25D2F8D80044ED81 /* HomeViewController.swift in Sources */,
				605F45F925D2F8D80044ED81 /* AppDelegate.swift in Sources */,
				60E9C7C425D9513000D2FB38 /* SourceViewController.swift in Sources */,
				60989CF825D30623008A3F98 /* HomeTableViewCell.swift in Sources */,
				60FE864B25DEC84400F50266 /* Picker.swift in Sources */,
				605F45FB25D2F8D80044ED81 /* SceneDelegate.swift in Sources */,
			);
			runOnlyForDeploymentPostprocessing = 0;
		};
		605F460725D2F8DB0044ED81 /* Sources */ = {
			isa = PBXSourcesBuildPhase;
			buildActionMask = 2147483647;
			files = (
				605F461025D2F8DB0044ED81 /* NewsTests.swift in Sources */,
			);
			runOnlyForDeploymentPostprocessing = 0;
		};
		605F461225D2F8DB0044ED81 /* Sources */ = {
			isa = PBXSourcesBuildPhase;
			buildActionMask = 2147483647;
			files = (
				605F461B25D2F8DB0044ED81 /* NewsUITests.swift in Sources */,
			);
			runOnlyForDeploymentPostprocessing = 0;
		};
/* End PBXSourcesBuildPhase section */

/* Begin PBXTargetDependency section */
		605F460D25D2F8DB0044ED81 /* PBXTargetDependency */ = {
			isa = PBXTargetDependency;
			target = 605F45F425D2F8D80044ED81 /* News */;
			targetProxy = 605F460C25D2F8DB0044ED81 /* PBXContainerItemProxy */;
		};
		605F461825D2F8DB0044ED81 /* PBXTargetDependency */ = {
			isa = PBXTargetDependency;
			target = 605F45F425D2F8D80044ED81 /* News */;
			targetProxy = 605F461725D2F8DB0044ED81 /* PBXContainerItemProxy */;
		};
/* End PBXTargetDependency section */

/* Begin PBXVariantGroup section */
		605F45FE25D2F8D80044ED81 /* Main.storyboard */ = {
			isa = PBXVariantGroup;
			children = (
				605F45FF25D2F8D80044ED81 /* Base */,
			);
			name = Main.storyboard;
			sourceTree = "<group>";
		};
		605F460325D2F8DB0044ED81 /* LaunchScreen.storyboard */ = {
			isa = PBXVariantGroup;
			children = (
				605F460425D2F8DB0044ED81 /* Base */,
			);
			name = LaunchScreen.storyboard;
			sourceTree = "<group>";
		};
/* End PBXVariantGroup section */

/* Begin XCBuildConfiguration section */
		605F461D25D2F8DB0044ED81 /* Debug */ = {
			isa = XCBuildConfiguration;
			buildSettings = {
				ALWAYS_SEARCH_USER_PATHS = NO;
				CLANG_ANALYZER_NONNULL = YES;
				CLANG_ANALYZER_NUMBER_OBJECT_CONVERSION = YES_AGGRESSIVE;
				CLANG_CXX_LANGUAGE_STANDARD = "gnu++14";
				CLANG_CXX_LIBRARY = "libc++";
				CLANG_ENABLE_MODULES = YES;
				CLANG_ENABLE_OBJC_ARC = YES;
				CLANG_ENABLE_OBJC_WEAK = YES;
				CLANG_WARN_BLOCK_CAPTURE_AUTORELEASING = YES;
				CLANG_WARN_BOOL_CONVERSION = YES;
				CLANG_WARN_COMMA = YES;
				CLANG_WARN_CONSTANT_CONVERSION = YES;
				CLANG_WARN_DEPRECATED_OBJC_IMPLEMENTATIONS = YES;
				CLANG_WARN_DIRECT_OBJC_ISA_USAGE = YES_ERROR;
				CLANG_WARN_DOCUMENTATION_COMMENTS = YES;
				CLANG_WARN_EMPTY_BODY = YES;
				CLANG_WARN_ENUM_CONVERSION = YES;
				CLANG_WARN_INFINITE_RECURSION = YES;
				CLANG_WARN_INT_CONVERSION = YES;
				CLANG_WARN_NON_LITERAL_NULL_CONVERSION = YES;
				CLANG_WARN_OBJC_IMPLICIT_RETAIN_SELF = YES;
				CLANG_WARN_OBJC_LITERAL_CONVERSION = YES;
				CLANG_WARN_OBJC_ROOT_CLASS = YES_ERROR;
				CLANG_WARN_QUOTED_INCLUDE_IN_FRAMEWORK_HEADER = YES;
				CLANG_WARN_RANGE_LOOP_ANALYSIS = YES;
				CLANG_WARN_STRICT_PROTOTYPES = YES;
				CLANG_WARN_SUSPICIOUS_MOVE = YES;
				CLANG_WARN_UNGUARDED_AVAILABILITY = YES_AGGRESSIVE;
				CLANG_WARN_UNREACHABLE_CODE = YES;
				CLANG_WARN__DUPLICATE_METHOD_MATCH = YES;
				COPY_PHASE_STRIP = NO;
				DEBUG_INFORMATION_FORMAT = dwarf;
				ENABLE_STRICT_OBJC_MSGSEND = YES;
				ENABLE_TESTABILITY = YES;
				GCC_C_LANGUAGE_STANDARD = gnu11;
				GCC_DYNAMIC_NO_PIC = NO;
				GCC_NO_COMMON_BLOCKS = YES;
				GCC_OPTIMIZATION_LEVEL = 0;
				GCC_PREPROCESSOR_DEFINITIONS = (
					"DEBUG=1",
					"$(inherited)",
				);
				GCC_WARN_64_TO_32_BIT_CONVERSION = YES;
				GCC_WARN_ABOUT_RETURN_TYPE = YES_ERROR;
				GCC_WARN_UNDECLARED_SELECTOR = YES;
				GCC_WARN_UNINITIALIZED_AUTOS = YES_AGGRESSIVE;
				GCC_WARN_UNUSED_FUNCTION = YES;
				GCC_WARN_UNUSED_VARIABLE = YES;
				IPHONEOS_DEPLOYMENT_TARGET = 14.4;
				MTL_ENABLE_DEBUG_INFO = INCLUDE_SOURCE;
				MTL_FAST_MATH = YES;
				ONLY_ACTIVE_ARCH = YES;
				SDKROOT = iphoneos;
				SWIFT_ACTIVE_COMPILATION_CONDITIONS = DEBUG;
				SWIFT_OPTIMIZATION_LEVEL = "-Onone";
			};
			name = Debug;
		};
		605F461E25D2F8DB0044ED81 /* Release */ = {
			isa = XCBuildConfiguration;
			buildSettings = {
				ALWAYS_SEARCH_USER_PATHS = NO;
				CLANG_ANALYZER_NONNULL = YES;
				CLANG_ANALYZER_NUMBER_OBJECT_CONVERSION = YES_AGGRESSIVE;
				CLANG_CXX_LANGUAGE_STANDARD = "gnu++14";
				CLANG_CXX_LIBRARY = "libc++";
				CLANG_ENABLE_MODULES = YES;
				CLANG_ENABLE_OBJC_ARC = YES;
				CLANG_ENABLE_OBJC_WEAK = YES;
				CLANG_WARN_BLOCK_CAPTURE_AUTORELEASING = YES;
				CLANG_WARN_BOOL_CONVERSION = YES;
				CLANG_WARN_COMMA = YES;
				CLANG_WARN_CONSTANT_CONVERSION = YES;
				CLANG_WARN_DEPRECATED_OBJC_IMPLEMENTATIONS = YES;
				CLANG_WARN_DIRECT_OBJC_ISA_USAGE = YES_ERROR;
				CLANG_WARN_DOCUMENTATION_COMMENTS = YES;
				CLANG_WARN_EMPTY_BODY = YES;
				CLANG_WARN_ENUM_CONVERSION = YES;
				CLANG_WARN_INFINITE_RECURSION = YES;
				CLANG_WARN_INT_CONVERSION = YES;
				CLANG_WARN_NON_LITERAL_NULL_CONVERSION = YES;
				CLANG_WARN_OBJC_IMPLICIT_RETAIN_SELF = YES;
				CLANG_WARN_OBJC_LITERAL_CONVERSION = YES;
				CLANG_WARN_OBJC_ROOT_CLASS = YES_ERROR;
				CLANG_WARN_QUOTED_INCLUDE_IN_FRAMEWORK_HEADER = YES;
				CLANG_WARN_RANGE_LOOP_ANALYSIS = YES;
				CLANG_WARN_STRICT_PROTOTYPES = YES;
				CLANG_WARN_SUSPICIOUS_MOVE = YES;
				CLANG_WARN_UNGUARDED_AVAILABILITY = YES_AGGRESSIVE;
				CLANG_WARN_UNREACHABLE_CODE = YES;
				CLANG_WARN__DUPLICATE_METHOD_MATCH = YES;
				COPY_PHASE_STRIP = NO;
				DEBUG_INFORMATION_FORMAT = "dwarf-with-dsym";
				ENABLE_NS_ASSERTIONS = NO;
				ENABLE_STRICT_OBJC_MSGSEND = YES;
				GCC_C_LANGUAGE_STANDARD = gnu11;
				GCC_NO_COMMON_BLOCKS = YES;
				GCC_WARN_64_TO_32_BIT_CONVERSION = YES;
				GCC_WARN_ABOUT_RETURN_TYPE = YES_ERROR;
				GCC_WARN_UNDECLARED_SELECTOR = YES;
				GCC_WARN_UNINITIALIZED_AUTOS = YES_AGGRESSIVE;
				GCC_WARN_UNUSED_FUNCTION = YES;
				GCC_WARN_UNUSED_VARIABLE = YES;
				IPHONEOS_DEPLOYMENT_TARGET = 14.4;
				MTL_ENABLE_DEBUG_INFO = NO;
				MTL_FAST_MATH = YES;
				SDKROOT = iphoneos;
				SWIFT_COMPILATION_MODE = wholemodule;
				SWIFT_OPTIMIZATION_LEVEL = "-O";
				VALIDATE_PRODUCT = YES;
			};
			name = Release;
		};
		605F462025D2F8DB0044ED81 /* Debug */ = {
			isa = XCBuildConfiguration;
			buildSettings = {
				ASSETCATALOG_COMPILER_APPICON_NAME = AppIcon;
				ASSETCATALOG_COMPILER_GLOBAL_ACCENT_COLOR_NAME = AccentColor;
				CODE_SIGN_STYLE = Automatic;
				DEVELOPMENT_TEAM = JCV48HS79W;
				INFOPLIST_FILE = News/Info.plist;
				LD_RUNPATH_SEARCH_PATHS = (
					"$(inherited)",
					"@executable_path/Frameworks",
				);
				PRODUCT_BUNDLE_IDENTIFIER = "Nikolai-Ivanov.News";
				PRODUCT_NAME = "$(TARGET_NAME)";
				SWIFT_VERSION = 5.0;
				TARGETED_DEVICE_FAMILY = "1,2";
			};
			name = Debug;
		};
		605F462125D2F8DB0044ED81 /* Release */ = {
			isa = XCBuildConfiguration;
			buildSettings = {
				ASSETCATALOG_COMPILER_APPICON_NAME = AppIcon;
				ASSETCATALOG_COMPILER_GLOBAL_ACCENT_COLOR_NAME = AccentColor;
				CODE_SIGN_STYLE = Automatic;
				DEVELOPMENT_TEAM = JCV48HS79W;
				INFOPLIST_FILE = News/Info.plist;
				LD_RUNPATH_SEARCH_PATHS = (
					"$(inherited)",
					"@executable_path/Frameworks",
				);
				PRODUCT_BUNDLE_IDENTIFIER = "Nikolai-Ivanov.News";
				PRODUCT_NAME = "$(TARGET_NAME)";
				SWIFT_VERSION = 5.0;
				TARGETED_DEVICE_FAMILY = "1,2";
			};
			name = Release;
		};
		605F462325D2F8DB0044ED81 /* Debug */ = {
			isa = XCBuildConfiguration;
			buildSettings = {
				ALWAYS_EMBED_SWIFT_STANDARD_LIBRARIES = YES;
				BUNDLE_LOADER = "$(TEST_HOST)";
				CODE_SIGN_STYLE = Automatic;
				DEVELOPMENT_TEAM = JCV48HS79W;
				INFOPLIST_FILE = NewsTests/Info.plist;
				IPHONEOS_DEPLOYMENT_TARGET = 14.4;
				LD_RUNPATH_SEARCH_PATHS = (
					"$(inherited)",
					"@executable_path/Frameworks",
					"@loader_path/Frameworks",
				);
				PRODUCT_BUNDLE_IDENTIFIER = "Nikolai-Ivanov.NewsTests";
				PRODUCT_NAME = "$(TARGET_NAME)";
				SWIFT_VERSION = 5.0;
				TARGETED_DEVICE_FAMILY = "1,2";
				TEST_HOST = "$(BUILT_PRODUCTS_DIR)/News.app/News";
			};
			name = Debug;
		};
		605F462425D2F8DB0044ED81 /* Release */ = {
			isa = XCBuildConfiguration;
			buildSettings = {
				ALWAYS_EMBED_SWIFT_STANDARD_LIBRARIES = YES;
				BUNDLE_LOADER = "$(TEST_HOST)";
				CODE_SIGN_STYLE = Automatic;
				DEVELOPMENT_TEAM = JCV48HS79W;
				INFOPLIST_FILE = NewsTests/Info.plist;
				IPHONEOS_DEPLOYMENT_TARGET = 14.4;
				LD_RUNPATH_SEARCH_PATHS = (
					"$(inherited)",
					"@executable_path/Frameworks",
					"@loader_path/Frameworks",
				);
				PRODUCT_BUNDLE_IDENTIFIER = "Nikolai-Ivanov.NewsTests";
				PRODUCT_NAME = "$(TARGET_NAME)";
				SWIFT_VERSION = 5.0;
				TARGETED_DEVICE_FAMILY = "1,2";
				TEST_HOST = "$(BUILT_PRODUCTS_DIR)/News.app/News";
			};
			name = Release;
		};
		605F462625D2F8DB0044ED81 /* Debug */ = {
			isa = XCBuildConfiguration;
			buildSettings = {
				ALWAYS_EMBED_SWIFT_STANDARD_LIBRARIES = YES;
				CODE_SIGN_STYLE = Automatic;
				DEVELOPMENT_TEAM = JCV48HS79W;
				INFOPLIST_FILE = NewsUITests/Info.plist;
				LD_RUNPATH_SEARCH_PATHS = (
					"$(inherited)",
					"@executable_path/Frameworks",
					"@loader_path/Frameworks",
				);
				PRODUCT_BUNDLE_IDENTIFIER = "Nikolai-Ivanov.NewsUITests";
				PRODUCT_NAME = "$(TARGET_NAME)";
				SWIFT_VERSION = 5.0;
				TARGETED_DEVICE_FAMILY = "1,2";
				TEST_TARGET_NAME = News;
			};
			name = Debug;
		};
		605F462725D2F8DB0044ED81 /* Release */ = {
			isa = XCBuildConfiguration;
			buildSettings = {
				ALWAYS_EMBED_SWIFT_STANDARD_LIBRARIES = YES;
				CODE_SIGN_STYLE = Automatic;
				DEVELOPMENT_TEAM = JCV48HS79W;
				INFOPLIST_FILE = NewsUITests/Info.plist;
				LD_RUNPATH_SEARCH_PATHS = (
					"$(inherited)",
					"@executable_path/Frameworks",
					"@loader_path/Frameworks",
				);
				PRODUCT_BUNDLE_IDENTIFIER = "Nikolai-Ivanov.NewsUITests";
				PRODUCT_NAME = "$(TARGET_NAME)";
				SWIFT_VERSION = 5.0;
				TARGETED_DEVICE_FAMILY = "1,2";
				TEST_TARGET_NAME = News;
			};
			name = Release;
		};
/* End XCBuildConfiguration section */

/* Begin XCConfigurationList section */
		605F45F025D2F8D80044ED81 /* Build configuration list for PBXProject "News" */ = {
			isa = XCConfigurationList;
			buildConfigurations = (
				605F461D25D2F8DB0044ED81 /* Debug */,
				605F461E25D2F8DB0044ED81 /* Release */,
			);
			defaultConfigurationIsVisible = 0;
			defaultConfigurationName = Release;
		};
		605F461F25D2F8DB0044ED81 /* Build configuration list for PBXNativeTarget "News" */ = {
			isa = XCConfigurationList;
			buildConfigurations = (
				605F462025D2F8DB0044ED81 /* Debug */,
				605F462125D2F8DB0044ED81 /* Release */,
			);
			defaultConfigurationIsVisible = 0;
			defaultConfigurationName = Release;
		};
		605F462225D2F8DB0044ED81 /* Build configuration list for PBXNativeTarget "NewsTests" */ = {
			isa = XCConfigurationList;
			buildConfigurations = (
				605F462325D2F8DB0044ED81 /* Debug */,
				605F462425D2F8DB0044ED81 /* Release */,
			);
			defaultConfigurationIsVisible = 0;
			defaultConfigurationName = Release;
		};
		605F462525D2F8DB0044ED81 /* Build configuration list for PBXNativeTarget "NewsUITests" */ = {
			isa = XCConfigurationList;
			buildConfigurations = (
				605F462625D2F8DB0044ED81 /* Debug */,
				605F462725D2F8DB0044ED81 /* Release */,
			);
			defaultConfigurationIsVisible = 0;
			defaultConfigurationName = Release;
		};
/* End XCConfigurationList section */
	};
	rootObject = 605F45ED25D2F8D80044ED81 /* Project object */;
}
